// !$*UTF8*$!
{
	archiveVersion = 1;
	classes = {
	};
	objectVersion = 46;
	objects = {

/* Begin PBXBuildFile section */
		3E0AA99C1B63C647009A341D /* AppDelegate.swift in Sources */ = {isa = PBXBuildFile; fileRef = 3E0AA99B1B63C647009A341D /* AppDelegate.swift */; };
		3E0AA99E1B63C647009A341D /* ViewController.swift in Sources */ = {isa = PBXBuildFile; fileRef = 3E0AA99D1B63C647009A341D /* ViewController.swift */; };
		3E0AA9A11B63C647009A341D /* Main.storyboard in Resources */ = {isa = PBXBuildFile; fileRef = 3E0AA99F1B63C647009A341D /* Main.storyboard */; };
		3E0AA9A31B63C647009A341D /* Images.xcassets in Resources */ = {isa = PBXBuildFile; fileRef = 3E0AA9A21B63C647009A341D /* Images.xcassets */; };
		3E0AA9A61B63C647009A341D /* LaunchScreen.xib in Resources */ = {isa = PBXBuildFile; fileRef = 3E0AA9A41B63C647009A341D /* LaunchScreen.xib */; };
		3E0AA9B21B63C647009A341D /* SimpleLedCapsenseTests.swift in Sources */ = {isa = PBXBuildFile; fileRef = 3E0AA9B11B63C647009A341D /* SimpleLedCapsenseTests.swift */; };
		3E0AA9BC1B63C85E009A341D /* BlueToothNeighborhood.swift in Sources */ = {isa = PBXBuildFile; fileRef = 3E0AA9BB1B63C85E009A341D /* BlueToothNeighborhood.swift */; };
/* End PBXBuildFile section */

/* Begin PBXContainerItemProxy section */
		3E0AA9AC1B63C647009A341D /* PBXContainerItemProxy */ = {
			isa = PBXContainerItemProxy;
			containerPortal = 3E0AA98E1B63C647009A341D /* Project object */;
			proxyType = 1;
			remoteGlobalIDString = 3E0AA9951B63C647009A341D;
			remoteInfo = SimpleLedCapsense;
		};
/* End PBXContainerItemProxy section */

/* Begin PBXFileReference section */
		3E0AA9961B63C647009A341D /* SimpleLedCapsense.app */ = {isa = PBXFileReference; explicitFileType = wrapper.application; includeInIndex = 0; path = SimpleLedCapsense.app; sourceTree = BUILT_PRODUCTS_DIR; };
		3E0AA99A1B63C647009A341D /* Info.plist */ = {isa = PBXFileReference; lastKnownFileType = text.plist.xml; path = Info.plist; sourceTree = "<group>"; };
		3E0AA99B1B63C647009A341D /* AppDelegate.swift */ = {isa = PBXFileReference; lastKnownFileType = sourcecode.swift; path = AppDelegate.swift; sourceTree = "<group>"; };
		3E0AA99D1B63C647009A341D /* ViewController.swift */ = {isa = PBXFileReference; lastKnownFileType = sourcecode.swift; path = ViewController.swift; sourceTree = "<group>"; };
		3E0AA9A01B63C647009A341D /* Base */ = {isa = PBXFileReference; lastKnownFileType = file.storyboard; name = Base; path = Base.lproj/Main.storyboard; sourceTree = "<group>"; };
		3E0AA9A21B63C647009A341D /* Images.xcassets */ = {isa = PBXFileReference; lastKnownFileType = folder.assetcatalog; path = Images.xcassets; sourceTree = "<group>"; };
		3E0AA9A51B63C647009A341D /* Base */ = {isa = PBXFileReference; lastKnownFileType = file.xib; name = Base; path = Base.lproj/LaunchScreen.xib; sourceTree = "<group>"; };
		3E0AA9AB1B63C647009A341D /* SimpleLedCapsenseTests.xctest */ = {isa = PBXFileReference; explicitFileType = wrapper.cfbundle; includeInIndex = 0; path = SimpleLedCapsenseTests.xctest; sourceTree = BUILT_PRODUCTS_DIR; };
		3E0AA9B01B63C647009A341D /* Info.plist */ = {isa = PBXFileReference; lastKnownFileType = text.plist.xml; path = Info.plist; sourceTree = "<group>"; };
		3E0AA9B11B63C647009A341D /* SimpleLedCapsenseTests.swift */ = {isa = PBXFileReference; lastKnownFileType = sourcecode.swift; path = SimpleLedCapsenseTests.swift; sourceTree = "<group>"; };
		3E0AA9BB1B63C85E009A341D /* BlueToothNeighborhood.swift */ = {isa = PBXFileReference; fileEncoding = 4; lastKnownFileType = sourcecode.swift; path = BlueToothNeighborhood.swift; sourceTree = "<group>"; };
/* End PBXFileReference section */

/* Begin PBXFrameworksBuildPhase section */
		3E0AA9931B63C647009A341D /* Frameworks */ = {
			isa = PBXFrameworksBuildPhase;
			buildActionMask = 2147483647;
			files = (
			);
			runOnlyForDeploymentPostprocessing = 0;
		};
		3E0AA9A81B63C647009A341D /* Frameworks */ = {
			isa = PBXFrameworksBuildPhase;
			buildActionMask = 2147483647;
			files = (
			);
			runOnlyForDeploymentPostprocessing = 0;
		};
/* End PBXFrameworksBuildPhase section */

/* Begin PBXGroup section */
		3E0AA98D1B63C647009A341D = {
			isa = PBXGroup;
			children = (
				3E0AA9981B63C647009A341D /* SimpleLedCapsense */,
				3E0AA9AE1B63C647009A341D /* SimpleLedCapsenseTests */,
				3E0AA9971B63C647009A341D /* Products */,
			);
			sourceTree = "<group>";
		};
		3E0AA9971B63C647009A341D /* Products */ = {
			isa = PBXGroup;
			children = (
				3E0AA9961B63C647009A341D /* SimpleLedCapsense.app */,
				3E0AA9AB1B63C647009A341D /* SimpleLedCapsenseTests.xctest */,
			);
			name = Products;
			sourceTree = "<group>";
		};
		3E0AA9981B63C647009A341D /* SimpleLedCapsense */ = {
			isa = PBXGroup;
			children = (
				3E0AA99F1B63C647009A341D /* Main.storyboard */,
				3E0AA99D1B63C647009A341D /* ViewController.swift */,
				3E0AA9BB1B63C85E009A341D /* BlueToothNeighborhood.swift */,
				3E0AA9991B63C647009A341D /* Supporting Files */,
			);
			path = SimpleLedCapsense;
			sourceTree = "<group>";
		};
		3E0AA9991B63C647009A341D /* Supporting Files */ = {
			isa = PBXGroup;
			children = (
				3E0AA9A41B63C647009A341D /* LaunchScreen.xib */,
				3E0AA9A21B63C647009A341D /* Images.xcassets */,
				3E0AA99B1B63C647009A341D /* AppDelegate.swift */,
				3E0AA99A1B63C647009A341D /* Info.plist */,
			);
			name = "Supporting Files";
			sourceTree = "<group>";
		};
		3E0AA9AE1B63C647009A341D /* SimpleLedCapsenseTests */ = {
			isa = PBXGroup;
			children = (
				3E0AA9B11B63C647009A341D /* SimpleLedCapsenseTests.swift */,
				3E0AA9AF1B63C647009A341D /* Supporting Files */,
			);
			path = SimpleLedCapsenseTests;
			sourceTree = "<group>";
		};
		3E0AA9AF1B63C647009A341D /* Supporting Files */ = {
			isa = PBXGroup;
			children = (
				3E0AA9B01B63C647009A341D /* Info.plist */,
			);
			name = "Supporting Files";
			sourceTree = "<group>";
		};
/* End PBXGroup section */

/* Begin PBXNativeTarget section */
		3E0AA9951B63C647009A341D /* SimpleLedCapsense */ = {
			isa = PBXNativeTarget;
			buildConfigurationList = 3E0AA9B51B63C647009A341D /* Build configuration list for PBXNativeTarget "SimpleLedCapsense" */;
			buildPhases = (
				3E0AA9921B63C647009A341D /* Sources */,
				3E0AA9931B63C647009A341D /* Frameworks */,
				3E0AA9941B63C647009A341D /* Resources */,
			);
			buildRules = (
			);
			dependencies = (
			);
			name = SimpleLedCapsense;
			productName = SimpleLedCapsense;
			productReference = 3E0AA9961B63C647009A341D /* SimpleLedCapsense.app */;
			productType = "com.apple.product-type.application";
		};
		3E0AA9AA1B63C647009A341D /* SimpleLedCapsenseTests */ = {
			isa = PBXNativeTarget;
			buildConfigurationList = 3E0AA9B81B63C647009A341D /* Build configuration list for PBXNativeTarget "SimpleLedCapsenseTests" */;
			buildPhases = (
				3E0AA9A71B63C647009A341D /* Sources */,
				3E0AA9A81B63C647009A341D /* Frameworks */,
				3E0AA9A91B63C647009A341D /* Resources */,
			);
			buildRules = (
			);
			dependencies = (
				3E0AA9AD1B63C647009A341D /* PBXTargetDependency */,
			);
			name = SimpleLedCapsenseTests;
			productName = SimpleLedCapsenseTests;
			productReference = 3E0AA9AB1B63C647009A341D /* SimpleLedCapsenseTests.xctest */;
			productType = "com.apple.product-type.bundle.unit-test";
		};
/* End PBXNativeTarget section */

/* Begin PBXProject section */
		3E0AA98E1B63C647009A341D /* Project object */ = {
			isa = PBXProject;
			attributes = {
				LastSwiftMigration = 0700;
				LastSwiftUpdateCheck = 0700;
				LastUpgradeCheck = 0720;
				ORGANIZATIONNAME = "Elkhorn Creek Engineering";
				TargetAttributes = {
					3E0AA9951B63C647009A341D = {
						CreatedOnToolsVersion = 6.3.1;
					};
					3E0AA9AA1B63C647009A341D = {
						CreatedOnToolsVersion = 6.3.1;
						TestTargetID = 3E0AA9951B63C647009A341D;
					};
				};
			};
			buildConfigurationList = 3E0AA9911B63C647009A341D /* Build configuration list for PBXProject "SimpleLedCapsense" */;
			compatibilityVersion = "Xcode 3.2";
			developmentRegion = English;
			hasScannedForEncodings = 0;
			knownRegions = (
				en,
				Base,
			);
			mainGroup = 3E0AA98D1B63C647009A341D;
			productRefGroup = 3E0AA9971B63C647009A341D /* Products */;
			projectDirPath = "";
			projectRoot = "";
			targets = (
				3E0AA9951B63C647009A341D /* SimpleLedCapsense */,
				3E0AA9AA1B63C647009A341D /* SimpleLedCapsenseTests */,
			);
		};
/* End PBXProject section */

/* Begin PBXResourcesBuildPhase section */
		3E0AA9941B63C647009A341D /* Resources */ = {
			isa = PBXResourcesBuildPhase;
			buildActionMask = 2147483647;
			files = (
				3E0AA9A11B63C647009A341D /* Main.storyboard in Resources */,
				3E0AA9A61B63C647009A341D /* LaunchScreen.xib in Resources */,
				3E0AA9A31B63C647009A341D /* Images.xcassets in Resources */,
			);
			runOnlyForDeploymentPostprocessing = 0;
		};
		3E0AA9A91B63C647009A341D /* Resources */ = {
			isa = PBXResourcesBuildPhase;
			buildActionMask = 2147483647;
			files = (
			);
			runOnlyForDeploymentPostprocessing = 0;
		};
/* End PBXResourcesBuildPhase section */

/* Begin PBXSourcesBuildPhase section */
		3E0AA9921B63C647009A341D /* Sources */ = {
			isa = PBXSourcesBuildPhase;
			buildActionMask = 2147483647;
			files = (
				3E0AA99E1B63C647009A341D /* ViewController.swift in Sources */,
				3E0AA9BC1B63C85E009A341D /* BlueToothNeighborhood.swift in Sources */,
				3E0AA99C1B63C647009A341D /* AppDelegate.swift in Sources */,
			);
			runOnlyForDeploymentPostprocessing = 0;
		};
		3E0AA9A71B63C647009A341D /* Sources */ = {
			isa = PBXSourcesBuildPhase;
			buildActionMask = 2147483647;
			files = (
				3E0AA9B21B63C647009A341D /* SimpleLedCapsenseTests.swift in Sources */,
			);
			runOnlyForDeploymentPostprocessing = 0;
		};
/* End PBXSourcesBuildPhase section */

/* Begin PBXTargetDependency section */
		3E0AA9AD1B63C647009A341D /* PBXTargetDependency */ = {
			isa = PBXTargetDependency;
			target = 3E0AA9951B63C647009A341D /* SimpleLedCapsense */;
			targetProxy = 3E0AA9AC1B63C647009A341D /* PBXContainerItemProxy */;
		};
/* End PBXTargetDependency section */

/* Begin PBXVariantGroup section */
		3E0AA99F1B63C647009A341D /* Main.storyboard */ = {
			isa = PBXVariantGroup;
			children = (
				3E0AA9A01B63C647009A341D /* Base */,
			);
			name = Main.storyboard;
			sourceTree = "<group>";
		};
		3E0AA9A41B63C647009A341D /* LaunchScreen.xib */ = {
			isa = PBXVariantGroup;
			children = (
				3E0AA9A51B63C647009A341D /* Base */,
			);
			name = LaunchScreen.xib;
			sourceTree = "<group>";
		};
/* End PBXVariantGroup section */

/* Begin XCBuildConfiguration section */
		3E0AA9B31B63C647009A341D /* Debug */ = {
			isa = XCBuildConfiguration;
			buildSettings = {
				ALWAYS_SEARCH_USER_PATHS = NO;
				CLANG_CXX_LANGUAGE_STANDARD = "gnu++0x";
				CLANG_CXX_LIBRARY = "libc++";
				CLANG_ENABLE_MODULES = YES;
				CLANG_ENABLE_OBJC_ARC = YES;
				CLANG_WARN_BOOL_CONVERSION = YES;
				CLANG_WARN_CONSTANT_CONVERSION = YES;
				CLANG_WARN_DIRECT_OBJC_ISA_USAGE = YES_ERROR;
				CLANG_WARN_EMPTY_BODY = YES;
				CLANG_WARN_ENUM_CONVERSION = YES;
				CLANG_WARN_INT_CONVERSION = YES;
				CLANG_WARN_OBJC_ROOT_CLASS = YES_ERROR;
				CLANG_WARN_UNREACHABLE_CODE = YES;
				CLANG_WARN__DUPLICATE_METHOD_MATCH = YES;
				"CODE_SIGN_IDENTITY[sdk=iphoneos*]" = "iPhone Developer";
				COPY_PHASE_STRIP = NO;
				DEBUG_INFORMATION_FORMAT = "dwarf-with-dsym";
				ENABLE_STRICT_OBJC_MSGSEND = YES;
				ENABLE_TESTABILITY = YES;
				GCC_C_LANGUAGE_STANDARD = gnu99;
				GCC_DYNAMIC_NO_PIC = NO;
				GCC_NO_COMMON_BLOCKS = YES;
				GCC_OPTIMIZATION_LEVEL = 0;
				GCC_PREPROCESSOR_DEFINITIONS = (
					"DEBUG=1",
					"$(inherited)",
				);
				GCC_SYMBOLS_PRIVATE_EXTERN = NO;
				GCC_WARN_64_TO_32_BIT_CONVERSION = YES;
				GCC_WARN_ABOUT_RETURN_TYPE = YES_ERROR;
				GCC_WARN_UNDECLARED_SELECTOR = YES;
				GCC_WARN_UNINITIALIZED_AUTOS = YES_AGGRESSIVE;
				GCC_WARN_UNUSED_FUNCTION = YES;
				GCC_WARN_UNUSED_VARIABLE = YES;
				IPHONEOS_DEPLOYMENT_TARGET = 8.3;
				MTL_ENABLE_DEBUG_INFO = YES;
				ONLY_ACTIVE_ARCH = YES;
				SDKROOT = iphoneos;
				SWIFT_OPTIMIZATION_LEVEL = "-Onone";
				TARGETED_DEVICE_FAMILY = "1,2";
			};
			name = Debug;
		};
		3E0AA9B41B63C647009A341D /* Release */ = {
			isa = XCBuildConfiguration;
			buildSettings = {
				ALWAYS_SEARCH_USER_PATHS = NO;
				CLANG_CXX_LANGUAGE_STANDARD = "gnu++0x";
				CLANG_CXX_LIBRARY = "libc++";
				CLANG_ENABLE_MODULES = YES;
				CLANG_ENABLE_OBJC_ARC = YES;
				CLANG_WARN_BOOL_CONVERSION = YES;
				CLANG_WARN_CONSTANT_CONVERSION = YES;
				CLANG_WARN_DIRECT_OBJC_ISA_USAGE = YES_ERROR;
				CLANG_WARN_EMPTY_BODY = YES;
				CLANG_WARN_ENUM_CONVERSION = YES;
				CLANG_WARN_INT_CONVERSION = YES;
				CLANG_WARN_OBJC_ROOT_CLASS = YES_ERROR;
				CLANG_WARN_UNREACHABLE_CODE = YES;
				CLANG_WARN__DUPLICATE_METHOD_MATCH = YES;
				"CODE_SIGN_IDENTITY[sdk=iphoneos*]" = "iPhone Developer";
				COPY_PHASE_STRIP = NO;
				DEBUG_INFORMATION_FORMAT = "dwarf-with-dsym";
				ENABLE_NS_ASSERTIONS = NO;
				ENABLE_STRICT_OBJC_MSGSEND = YES;
				GCC_C_LANGUAGE_STANDARD = gnu99;
				GCC_NO_COMMON_BLOCKS = YES;
				GCC_WARN_64_TO_32_BIT_CONVERSION = YES;
				GCC_WARN_ABOUT_RETURN_TYPE = YES_ERROR;
				GCC_WARN_UNDECLARED_SELECTOR = YES;
				GCC_WARN_UNINITIALIZED_AUTOS = YES_AGGRESSIVE;
				GCC_WARN_UNUSED_FUNCTION = YES;
				GCC_WARN_UNUSED_VARIABLE = YES;
				IPHONEOS_DEPLOYMENT_TARGET = 8.3;
				MTL_ENABLE_DEBUG_INFO = NO;
				SDKROOT = iphoneos;
				TARGETED_DEVICE_FAMILY = "1,2";
				VALIDATE_PRODUCT = YES;
			};
			name = Release;
		};
		3E0AA9B61B63C647009A341D /* Debug */ = {
			isa = XCBuildConfiguration;
			buildSettings = {
				ASSETCATALOG_COMPILER_APPICON_NAME = AppIcon;
				CODE_SIGN_IDENTITY = "iPhone Developer";
				"CODE_SIGN_IDENTITY[sdk=iphoneos*]" = "iPhone Developer";
				INFOPLIST_FILE = SimpleLedCapsense/Info.plist;
				LD_RUNPATH_SEARCH_PATHS = "$(inherited) @executable_path/Frameworks";
				PRODUCT_BUNDLE_IDENTIFIER = "org.elkhorn-creek.$(PRODUCT_NAME:rfc1034identifier)";
				PRODUCT_NAME = "$(TARGET_NAME)";
				PROVISIONING_PROFILE = "";
			};
			name = Debug;
		};
		3E0AA9B71B63C647009A341D /* Release */ = {
			isa = XCBuildConfiguration;
			buildSettings = {
				ASSETCATALOG_COMPILER_APPICON_NAME = AppIcon;
				CODE_SIGN_IDENTITY = "iPhone Developer";
				"CODE_SIGN_IDENTITY[sdk=iphoneos*]" = "iPhone Developer";
				INFOPLIST_FILE = SimpleLedCapsense/Info.plist;
				LD_RUNPATH_SEARCH_PATHS = "$(inherited) @executable_path/Frameworks";
				PRODUCT_BUNDLE_IDENTIFIER = "org.elkhorn-creek.$(PRODUCT_NAME:rfc1034identifier)";
				PRODUCT_NAME = "$(TARGET_NAME)";
				PROVISIONING_PROFILE = "";
			};
			name = Release;
		};
		3E0AA9B91B63C647009A341D /* Debug */ = {
			isa = XCBuildConfiguration;
			buildSettings = {
				BUNDLE_LOADER = "$(TEST_HOST)";
				FRAMEWORK_SEARCH_PATHS = "";
				GCC_PREPROCESSOR_DEFINITIONS = (
					"DEBUG=1",
					"$(inherited)",
				);
				INFOPLIST_FILE = SimpleLedCapsenseTests/Info.plist;
				LD_RUNPATH_SEARCH_PATHS = "$(inherited) @executable_path/Frameworks @loader_path/Frameworks";
				PRODUCT_BUNDLE_IDENTIFIER = "org.elkhorn-creek.$(PRODUCT_NAME:rfc1034identifier)";
				PRODUCT_NAME = "$(TARGET_NAME)";
				TEST_HOST = "$(BUILT_PRODUCTS_DIR)/SimpleLedCapsense.app/SimpleLedCapsense";
			};
			name = Debug;
		};
		3E0AA9BA1B63C647009A341D /* Release */ = {
			isa = XCBuildConfiguration;
			buildSettings = {
				BUNDLE_LOADER = "$(TEST_HOST)";
				FRAMEWORK_SEARCH_PATHS = "";
				INFOPLIST_FILE = SimpleLedCapsenseTests/Info.plist;
				LD_RUNPATH_SEARCH_PATHS = "$(inherited) @executable_path/Frameworks @loader_path/Frameworks";
				PRODUCT_BUNDLE_IDENTIFIER = "org.elkhorn-creek.$(PRODUCT_NAME:rfc1034identifier)";
				PRODUCT_NAME = "$(TARGET_NAME)";
				TEST_HOST = "$(BUILT_PRODUCTS_DIR)/SimpleLedCapsense.app/SimpleLedCapsense";
			};
			name = Release;
		};
/* End XCBuildConfiguration section */

/* Begin XCConfigurationList section */
		3E0AA9911B63C647009A341D /* Build configuration list for PBXProject "SimpleLedCapsense" */ = {
			isa = XCConfigurationList;
			buildConfigurations = (
				3E0AA9B31B63C647009A341D /* Debug */,
				3E0AA9B41B63C647009A341D /* Release */,
			);
			defaultConfigurationIsVisible = 0;
			defaultConfigurationName = Release;
		};
		3E0AA9B51B63C647009A341D /* Build configuration list for PBXNativeTarget "SimpleLedCapsense" */ = {
			isa = XCConfigurationList;
			buildConfigurations = (
				3E0AA9B61B63C647009A341D /* Debug */,
				3E0AA9B71B63C647009A341D /* Release */,
			);
			defaultConfigurationIsVisible = 0;
			defaultConfigurationName = Release;
		};
		3E0AA9B81B63C647009A341D /* Build configuration list for PBXNativeTarget "SimpleLedCapsenseTests" */ = {
			isa = XCConfigurationList;
			buildConfigurations = (
				3E0AA9B91B63C647009A341D /* Debug */,
				3E0AA9BA1B63C647009A341D /* Release */,
			);
			defaultConfigurationIsVisible = 0;
			defaultConfigurationName = Release;
		};
/* End XCConfigurationList section */
	};
	rootObject = 3E0AA98E1B63C647009A341D /* Project object */;
}
